
Microsoft Visual Studio Solution File, Format Version 12.00
# Visual Studio 15
VisualStudioVersion = 15.0.27703.2042
MinimumVisualStudioVersion = 10.0.40219.1
Project("{9A19103F-16F7-4668-BE54-9A1E7A4F7556}") = "Olahrago.ApiLayer", "ApiLayer\Olahrago.ApiLayer.csproj", "{2AB46698-3116-4609-9949-95569A1CCA04}"
EndProject
Project("{9A19103F-16F7-4668-BE54-9A1E7A4F7556}") = "Olahrago.Website", "Website\Olahrago.Website.csproj", "{4131DB3C-88E9-43ED-924C-75C756168242}"
EndProject
Project("{FAE04EC0-301F-11D3-BF4B-00C04F79EFBC}") = "Olahrago.UnitTest", "Olahrago.UnitTest\Olahrago.UnitTest.csproj", "{5BB1CCC0-FF9E-497E-8D40-252629294D58}"
EndProject
Global
	GlobalSection(SolutionConfigurationPlatforms) = preSolution
		Debug|Any CPU = Debug|Any CPU
		Release|Any CPU = Release|Any CPU
	EndGlobalSection
	GlobalSection(ProjectConfigurationPlatforms) = postSolution
		{2AB46698-3116-4609-9949-95569A1CCA04}.Debug|Any CPU.ActiveCfg = Debug|Any CPU
		{2AB46698-3116-4609-9949-95569A1CCA04}.Debug|Any CPU.Build.0 = Debug|Any CPU
		{2AB46698-3116-4609-9949-95569A1CCA04}.Release|Any CPU.ActiveCfg = Release|Any CPU
		{2AB46698-3116-4609-9949-95569A1CCA04}.Release|Any CPU.Build.0 = Release|Any CPU
		{4131DB3C-88E9-43ED-924C-75C756168242}.Debug|Any CPU.ActiveCfg = Debug|Any CPU
		{4131DB3C-88E9-43ED-924C-75C756168242}.Debug|Any CPU.Build.0 = Debug|Any CPU
		{4131DB3C-88E9-43ED-924C-75C756168242}.Release|Any CPU.ActiveCfg = Release|Any CPU
		{4131DB3C-88E9-43ED-924C-75C756168242}.Release|Any CPU.Build.0 = Release|Any CPU
		{5BB1CCC0-FF9E-497E-8D40-252629294D58}.Debug|Any CPU.ActiveCfg = Debug|Any CPU
		{5BB1CCC0-FF9E-497E-8D40-252629294D58}.Debug|Any CPU.Build.0 = Debug|Any CPU
		{5BB1CCC0-FF9E-497E-8D40-252629294D58}.Release|Any CPU.ActiveCfg = Release|Any CPU
		{5BB1CCC0-FF9E-497E-8D40-252629294D58}.Release|Any CPU.Build.0 = Release|Any CPU
	EndGlobalSection
	GlobalSection(SolutionProperties) = preSolution
		HideSolutionNode = FALSE
	EndGlobalSection
	GlobalSection(ExtensibilityGlobals) = postSolution
		SolutionGuid = {E167A15C-D21F-4A12-93B4-18DF551F80E0}
	EndGlobalSection
EndGlobal
